
Microsoft Visual Studio Solution File, Format Version 12.00
# Visual Studio Version 17
VisualStudioVersion = 17.14.36915.13 d17.14
MinimumVisualStudioVersion = 10.0.40219.1
Project("{FAE04EC0-301F-11D3-BF4B-00C04F79EFBC}") = "CybersecurityChatbot", "CybersecurityChatbot.csproj", "{C63103AE-42DC-4A44-9B42-EB640B005E51}"
EndProject
Global
	GlobalSection(SolutionConfigurationPlatforms) = preSolution
		Debug|Any CPU = Debug|Any CPU
		Release|Any CPU = Release|Any CPU
	EndGlobalSection
	GlobalSection(ProjectConfigurationPlatforms) = postSolution
		{C63103AE-42DC-4A44-9B42-EB640B005E51}.Debug|Any CPU.ActiveCfg = Debug|Any CPU
		{C63103AE-42DC-4A44-9B42-EB640B005E51}.Debug|Any CPU.Build.0 = Debug|Any CPU
		{C63103AE-42DC-4A44-9B42-EB640B005E51}.Release|Any CPU.ActiveCfg = Release|Any CPU
		{C63103AE-42DC-4A44-9B42-EB640B005E51}.Release|Any CPU.Build.0 = Release|Any CPU
	EndGlobalSection
	GlobalSection(SolutionProperties) = preSolution
		HideSolutionNode = FALSE
	EndGlobalSection
	GlobalSection(ExtensibilityGlobals) = postSolution
		SolutionGuid = {0F696A00-A4AA-4F6D-B551-B0991BFF8327}
	EndGlobalSection
EndGlobal
